packages:
  - name: audit_helper
    package: dbt-labs/audit_helper
    version: 0.12.1
  - name: dbt_utils
    package: dbt-labs/dbt_utils
    version: 1.3.0
  - name: codegen
    package: dbt-labs/codegen
    version: 0.13.1
  - name: snowflake_spend
    package: gitlabhq/snowflake_spend
    version: 1.4.0
sha1_hash: 243c4d6db59d49a0ccd03b3414a2ac3e02f50a01
